
Microsoft Visual Studio Solution File, Format Version 12.00
# Visual Studio 15
VisualStudioVersion = 15.0.28307.106
MinimumVisualStudioVersion = 10.0.40219.1
Project("{FAE04EC0-301F-11D3-BF4B-00C04F79EFBC}") = "branchingBasic", "branchingBasic\branchingBasic.csproj", "{8AC19628-E108-4AFB-B45B-AE03838A86C2}"
EndProject
Global
	GlobalSection(SolutionConfigurationPlatforms) = preSolution
		Debug|Any CPU = Debug|Any CPU
		Release|Any CPU = Release|Any CPU
	EndGlobalSection
	GlobalSection(ProjectConfigurationPlatforms) = postSolution
		{8AC19628-E108-4AFB-B45B-AE03838A86C2}.Debug|Any CPU.ActiveCfg = Debug|Any CPU
		{8AC19628-E108-4AFB-B45B-AE03838A86C2}.Debug|Any CPU.Build.0 = Debug|Any CPU
		{8AC19628-E108-4AFB-B45B-AE03838A86C2}.Release|Any CPU.ActiveCfg = Release|Any CPU
		{8AC19628-E108-4AFB-B45B-AE03838A86C2}.Release|Any CPU.Build.0 = Release|Any CPU
	EndGlobalSection
	GlobalSection(SolutionProperties) = preSolution
		HideSolutionNode = FALSE
	EndGlobalSection
	GlobalSection(ExtensibilityGlobals) = postSolution
		SolutionGuid = {B0344657-D35E-4E63-A2BB-1BA02F7DD435}
	EndGlobalSection
EndGlobal
