
Microsoft Visual Studio Solution File, Format Version 12.00
# Visual Studio 15
VisualStudioVersion = 15.0.28307.106
MinimumVisualStudioVersion = 10.0.40219.1
Project("{FAE04EC0-301F-11D3-BF4B-00C04F79EFBC}") = "testRun1", "testRun1\testRun1.csproj", "{61FFAB9C-8219-4FFB-AD35-28EE3DA31F74}"
EndProject
Global
	GlobalSection(SolutionConfigurationPlatforms) = preSolution
		Debug|Any CPU = Debug|Any CPU
		Release|Any CPU = Release|Any CPU
	EndGlobalSection
	GlobalSection(ProjectConfigurationPlatforms) = postSolution
		{61FFAB9C-8219-4FFB-AD35-28EE3DA31F74}.Debug|Any CPU.ActiveCfg = Debug|Any CPU
		{61FFAB9C-8219-4FFB-AD35-28EE3DA31F74}.Debug|Any CPU.Build.0 = Debug|Any CPU
		{61FFAB9C-8219-4FFB-AD35-28EE3DA31F74}.Release|Any CPU.ActiveCfg = Release|Any CPU
		{61FFAB9C-8219-4FFB-AD35-28EE3DA31F74}.Release|Any CPU.Build.0 = Release|Any CPU
	EndGlobalSection
	GlobalSection(SolutionProperties) = preSolution
		HideSolutionNode = FALSE
	EndGlobalSection
	GlobalSection(ExtensibilityGlobals) = postSolution
		SolutionGuid = {C15924E9-51E9-47E4-9989-E09A85059CA2}
	EndGlobalSection
EndGlobal
