
Microsoft Visual Studio Solution File, Format Version 12.00
# Visual Studio 15
VisualStudioVersion = 15.0.28307.136
MinimumVisualStudioVersion = 10.0.40219.1
Project("{FAE04EC0-301F-11D3-BF4B-00C04F79EFBC}") = "TwentyOne", "TwentyOne\TwentyOne.csproj", "{5A35E889-1DEF-4B37-B236-3B34A9F09120}"
EndProject
Project("{FAE04EC0-301F-11D3-BF4B-00C04F79EFBC}") = "Casino", "Casino\Casino.csproj", "{3A0667FF-DB0C-4A26-AD1A-71B30DC7D9E6}"
EndProject
Global
	GlobalSection(SolutionConfigurationPlatforms) = preSolution
		Debug|Any CPU = Debug|Any CPU
		Release|Any CPU = Release|Any CPU
	EndGlobalSection
	GlobalSection(ProjectConfigurationPlatforms) = postSolution
		{5A35E889-1DEF-4B37-B236-3B34A9F09120}.Debug|Any CPU.ActiveCfg = Debug|Any CPU
		{5A35E889-1DEF-4B37-B236-3B34A9F09120}.Debug|Any CPU.Build.0 = Debug|Any CPU
		{5A35E889-1DEF-4B37-B236-3B34A9F09120}.Release|Any CPU.ActiveCfg = Release|Any CPU
		{5A35E889-1DEF-4B37-B236-3B34A9F09120}.Release|Any CPU.Build.0 = Release|Any CPU
		{3A0667FF-DB0C-4A26-AD1A-71B30DC7D9E6}.Debug|Any CPU.ActiveCfg = Debug|Any CPU
		{3A0667FF-DB0C-4A26-AD1A-71B30DC7D9E6}.Debug|Any CPU.Build.0 = Debug|Any CPU
		{3A0667FF-DB0C-4A26-AD1A-71B30DC7D9E6}.Release|Any CPU.ActiveCfg = Release|Any CPU
		{3A0667FF-DB0C-4A26-AD1A-71B30DC7D9E6}.Release|Any CPU.Build.0 = Release|Any CPU
	EndGlobalSection
	GlobalSection(SolutionProperties) = preSolution
		HideSolutionNode = FALSE
	EndGlobalSection
	GlobalSection(ExtensibilityGlobals) = postSolution
		SolutionGuid = {EBD9AFDC-7509-4726-B2E4-C571B825C158}
	EndGlobalSection
EndGlobal
