
Microsoft Visual Studio Solution File, Format Version 12.00
# Visual Studio 15
VisualStudioVersion = 15.0.28307.106
MinimumVisualStudioVersion = 10.0.40219.1
Project("{FAE04EC0-301F-11D3-BF4B-00C04F79EFBC}") = "assignmentsBasic1", "assignmentsBasic1\assignmentsBasic1.csproj", "{CE624015-8239-4847-A161-53B0FCBF8F1B}"
EndProject
Global
	GlobalSection(SolutionConfigurationPlatforms) = preSolution
		Debug|Any CPU = Debug|Any CPU
		Release|Any CPU = Release|Any CPU
	EndGlobalSection
	GlobalSection(ProjectConfigurationPlatforms) = postSolution
		{CE624015-8239-4847-A161-53B0FCBF8F1B}.Debug|Any CPU.ActiveCfg = Debug|Any CPU
		{CE624015-8239-4847-A161-53B0FCBF8F1B}.Debug|Any CPU.Build.0 = Debug|Any CPU
		{CE624015-8239-4847-A161-53B0FCBF8F1B}.Release|Any CPU.ActiveCfg = Release|Any CPU
		{CE624015-8239-4847-A161-53B0FCBF8F1B}.Release|Any CPU.Build.0 = Release|Any CPU
	EndGlobalSection
	GlobalSection(SolutionProperties) = preSolution
		HideSolutionNode = FALSE
	EndGlobalSection
	GlobalSection(ExtensibilityGlobals) = postSolution
		SolutionGuid = {81EE3156-39C0-4141-832B-20266BB1A873}
	EndGlobalSection
EndGlobal
