
Microsoft Visual Studio Solution File, Format Version 12.00
# Visual Studio 15
VisualStudioVersion = 15.0.28307.106
MinimumVisualStudioVersion = 10.0.40219.1
Project("{FAE04EC0-301F-11D3-BF4B-00C04F79EFBC}") = "exceptionHandlingBasic2", "exceptionHandlingBasic2\exceptionHandlingBasic2.csproj", "{9F80E417-FC47-4A18-BD92-FF8AF911834C}"
EndProject
Global
	GlobalSection(SolutionConfigurationPlatforms) = preSolution
		Debug|Any CPU = Debug|Any CPU
		Release|Any CPU = Release|Any CPU
	EndGlobalSection
	GlobalSection(ProjectConfigurationPlatforms) = postSolution
		{9F80E417-FC47-4A18-BD92-FF8AF911834C}.Debug|Any CPU.ActiveCfg = Debug|Any CPU
		{9F80E417-FC47-4A18-BD92-FF8AF911834C}.Debug|Any CPU.Build.0 = Debug|Any CPU
		{9F80E417-FC47-4A18-BD92-FF8AF911834C}.Release|Any CPU.ActiveCfg = Release|Any CPU
		{9F80E417-FC47-4A18-BD92-FF8AF911834C}.Release|Any CPU.Build.0 = Release|Any CPU
	EndGlobalSection
	GlobalSection(SolutionProperties) = preSolution
		HideSolutionNode = FALSE
	EndGlobalSection
	GlobalSection(ExtensibilityGlobals) = postSolution
		SolutionGuid = {124FD7A2-0C24-4063-875E-BC1A419134A4}
	EndGlobalSection
EndGlobal
