
Microsoft Visual Studio Solution File, Format Version 12.00
# Visual Studio 15
VisualStudioVersion = 15.0.28307.106
MinimumVisualStudioVersion = 10.0.40219.1
Project("{FAE04EC0-301F-11D3-BF4B-00C04F79EFBC}") = "arrayBasic1", "arrayBasic1\arrayBasic1.csproj", "{AF65B1C0-14ED-4741-80E5-B0121F5FEDC7}"
EndProject
Global
	GlobalSection(SolutionConfigurationPlatforms) = preSolution
		Debug|Any CPU = Debug|Any CPU
		Release|Any CPU = Release|Any CPU
	EndGlobalSection
	GlobalSection(ProjectConfigurationPlatforms) = postSolution
		{AF65B1C0-14ED-4741-80E5-B0121F5FEDC7}.Debug|Any CPU.ActiveCfg = Debug|Any CPU
		{AF65B1C0-14ED-4741-80E5-B0121F5FEDC7}.Debug|Any CPU.Build.0 = Debug|Any CPU
		{AF65B1C0-14ED-4741-80E5-B0121F5FEDC7}.Release|Any CPU.ActiveCfg = Release|Any CPU
		{AF65B1C0-14ED-4741-80E5-B0121F5FEDC7}.Release|Any CPU.Build.0 = Release|Any CPU
	EndGlobalSection
	GlobalSection(SolutionProperties) = preSolution
		HideSolutionNode = FALSE
	EndGlobalSection
	GlobalSection(ExtensibilityGlobals) = postSolution
		SolutionGuid = {A0C8B341-0799-4998-A4F7-B3F17421A650}
	EndGlobalSection
EndGlobal
