
Microsoft Visual Studio Solution File, Format Version 12.00
# Visual Studio 15
VisualStudioVersion = 15.0.28307.136
MinimumVisualStudioVersion = 10.0.40219.1
Project("{FAE04EC0-301F-11D3-BF4B-00C04F79EFBC}") = "ConstructorChainConstBasic1", "ConstructorChainConstBasic1\ConstructorChainConstBasic1.csproj", "{36524AA1-F4DA-4CC7-A59D-804325D5823B}"
EndProject
Global
	GlobalSection(SolutionConfigurationPlatforms) = preSolution
		Debug|Any CPU = Debug|Any CPU
		Release|Any CPU = Release|Any CPU
	EndGlobalSection
	GlobalSection(ProjectConfigurationPlatforms) = postSolution
		{36524AA1-F4DA-4CC7-A59D-804325D5823B}.Debug|Any CPU.ActiveCfg = Debug|Any CPU
		{36524AA1-F4DA-4CC7-A59D-804325D5823B}.Debug|Any CPU.Build.0 = Debug|Any CPU
		{36524AA1-F4DA-4CC7-A59D-804325D5823B}.Release|Any CPU.ActiveCfg = Release|Any CPU
		{36524AA1-F4DA-4CC7-A59D-804325D5823B}.Release|Any CPU.Build.0 = Release|Any CPU
	EndGlobalSection
	GlobalSection(SolutionProperties) = preSolution
		HideSolutionNode = FALSE
	EndGlobalSection
	GlobalSection(ExtensibilityGlobals) = postSolution
		SolutionGuid = {B4C1FA34-16F8-451D-9354-0905A9569EDC}
	EndGlobalSection
EndGlobal
