
Microsoft Visual Studio Solution File, Format Version 12.00
# Visual Studio 15
VisualStudioVersion = 15.0.28307.106
MinimumVisualStudioVersion = 10.0.40219.1
Project("{FAE04EC0-301F-11D3-BF4B-00C04F79EFBC}") = "loopBasic2", "loopBasic2\loopBasic2.csproj", "{F2557F54-9882-4F16-95D4-7514E02B7F1E}"
EndProject
Global
	GlobalSection(SolutionConfigurationPlatforms) = preSolution
		Debug|Any CPU = Debug|Any CPU
		Release|Any CPU = Release|Any CPU
	EndGlobalSection
	GlobalSection(ProjectConfigurationPlatforms) = postSolution
		{F2557F54-9882-4F16-95D4-7514E02B7F1E}.Debug|Any CPU.ActiveCfg = Debug|Any CPU
		{F2557F54-9882-4F16-95D4-7514E02B7F1E}.Debug|Any CPU.Build.0 = Debug|Any CPU
		{F2557F54-9882-4F16-95D4-7514E02B7F1E}.Release|Any CPU.ActiveCfg = Release|Any CPU
		{F2557F54-9882-4F16-95D4-7514E02B7F1E}.Release|Any CPU.Build.0 = Release|Any CPU
	EndGlobalSection
	GlobalSection(SolutionProperties) = preSolution
		HideSolutionNode = FALSE
	EndGlobalSection
	GlobalSection(ExtensibilityGlobals) = postSolution
		SolutionGuid = {CB2515B7-6756-4EFD-8631-7F17F4CF844E}
	EndGlobalSection
EndGlobal
