
Microsoft Visual Studio Solution File, Format Version 12.00
# Visual Studio 15
VisualStudioVersion = 15.0.28307.136
MinimumVisualStudioVersion = 10.0.40219.1
Project("{FAE04EC0-301F-11D3-BF4B-00C04F79EFBC}") = "TechAcadStudentsMVC", "TechAcadStudentsMVC\TechAcadStudentsMVC.csproj", "{9441BF4F-B8C4-4983-9D87-E9DF634B7291}"
EndProject
Global
	GlobalSection(SolutionConfigurationPlatforms) = preSolution
		Debug|Any CPU = Debug|Any CPU
		Release|Any CPU = Release|Any CPU
	EndGlobalSection
	GlobalSection(ProjectConfigurationPlatforms) = postSolution
		{9441BF4F-B8C4-4983-9D87-E9DF634B7291}.Debug|Any CPU.ActiveCfg = Debug|Any CPU
		{9441BF4F-B8C4-4983-9D87-E9DF634B7291}.Debug|Any CPU.Build.0 = Debug|Any CPU
		{9441BF4F-B8C4-4983-9D87-E9DF634B7291}.Release|Any CPU.ActiveCfg = Release|Any CPU
		{9441BF4F-B8C4-4983-9D87-E9DF634B7291}.Release|Any CPU.Build.0 = Release|Any CPU
	EndGlobalSection
	GlobalSection(SolutionProperties) = preSolution
		HideSolutionNode = FALSE
	EndGlobalSection
	GlobalSection(ExtensibilityGlobals) = postSolution
		SolutionGuid = {837ED320-C794-4A07-B634-C5CB88F5084D}
	EndGlobalSection
EndGlobal
