
Microsoft Visual Studio Solution File, Format Version 12.00
# Visual Studio 15
VisualStudioVersion = 15.0.28307.136
MinimumVisualStudioVersion = 10.0.40219.1
Project("{FAE04EC0-301F-11D3-BF4B-00C04F79EFBC}") = "ClassObjectMethodBasic5", "ClassObjectMethodBasic5\ClassObjectMethodBasic5.csproj", "{500F3D92-0973-4372-A17B-D4E903A0EE54}"
EndProject
Global
	GlobalSection(SolutionConfigurationPlatforms) = preSolution
		Debug|Any CPU = Debug|Any CPU
		Release|Any CPU = Release|Any CPU
	EndGlobalSection
	GlobalSection(ProjectConfigurationPlatforms) = postSolution
		{500F3D92-0973-4372-A17B-D4E903A0EE54}.Debug|Any CPU.ActiveCfg = Debug|Any CPU
		{500F3D92-0973-4372-A17B-D4E903A0EE54}.Debug|Any CPU.Build.0 = Debug|Any CPU
		{500F3D92-0973-4372-A17B-D4E903A0EE54}.Release|Any CPU.ActiveCfg = Release|Any CPU
		{500F3D92-0973-4372-A17B-D4E903A0EE54}.Release|Any CPU.Build.0 = Release|Any CPU
	EndGlobalSection
	GlobalSection(SolutionProperties) = preSolution
		HideSolutionNode = FALSE
	EndGlobalSection
	GlobalSection(ExtensibilityGlobals) = postSolution
		SolutionGuid = {7CA437BF-846F-49B6-BBC1-CD39E40EC33C}
	EndGlobalSection
EndGlobal
